# This file is automatically generated by `sprocket lock`.
# It is not intended for manual editing.
version = 1

[images]
"docker://debian:bookworm" = "docker://debian:bookworm@sha256:_IMAGE_DIGEST_"
"docker://debian:trixie" = "docker://debian:trixie@sha256:_IMAGE_DIGEST_"
"docker://ubuntu:latest" = "docker://ubuntu:latest@sha256:_IMAGE_DIGEST_"
"oras://ghcr.io/stjude-rust-labs/sprocket:v0.23.0" = "oras://ghcr.io/stjude-rust-labs/sprocket:v0.23.0@sha256:_IMAGE_DIGEST_"

[images."library://ubuntu:latest"]
aarch64 = "library://ubuntu:sha256._IMAGE_DIGEST_"
ppc64le = "library://ubuntu:sha256._IMAGE_DIGEST_"
x86_64 = "library://ubuntu:sha256._IMAGE_DIGEST_"
